
Microsoft Visual Studio Solution File, Format Version 11.00
# Visual Studio 2010
Project("{FAE04EC0-301F-11D3-BF4B-00C04F79EFBC}") = "TcpMsgServer", "TcpMsgServer.csproj", "{DE247583-B414-42D9-934D-3DCD070DF391}"
EndProject
Global
	GlobalSection(SolutionConfigurationPlatforms) = preSolution
		Debug|Any CPU = Debug|Any CPU
		Release|Any CPU = Release|Any CPU
	EndGlobalSection
	GlobalSection(ProjectConfigurationPlatforms) = postSolution
		{DE247583-B414-42D9-934D-3DCD070DF391}.Debug|Any CPU.ActiveCfg = Debug|Any CPU
		{DE247583-B414-42D9-934D-3DCD070DF391}.Debug|Any CPU.Build.0 = Debug|Any CPU
		{DE247583-B414-42D9-934D-3DCD070DF391}.Release|Any CPU.ActiveCfg = Release|Any CPU
		{DE247583-B414-42D9-934D-3DCD070DF391}.Release|Any CPU.Build.0 = Release|Any CPU
	EndGlobalSection
	GlobalSection(SolutionProperties) = preSolution
		HideSolutionNode = FALSE
	EndGlobalSection
EndGlobal
